<?xml version="1.0" encoding="utf-8"?>
<Project ToolsVersion="18.0" xmlns="http://schemas.microsoft.com/developer/msbuild/2003">
  <ItemGroup>
    <CustomBuild Include="C:\Users\MadPsy\Repos\ka9q_ubersdr\clients\CW_Skimmer\UberSDRMonitor\build32\CMakeFiles\49bdf1322b532edce57b02b46d824dd5\generate.stamp.rule">
      <Filter>CMake Rules</Filter>
    </CustomBuild>
  </ItemGroup>
  <ItemGroup>
    <Filter Include="CMake Rules">
      <UniqueIdentifier>{0C38C60E-6251-32FB-BB82-1B3EB55FEDDE}</UniqueIdentifier>
    </Filter>
  </ItemGroup>
</Project>
