<?xml version="1.0" encoding="utf-8"?>
<Project ToolsVersion="18.0" xmlns="http://schemas.microsoft.com/developer/msbuild/2003">
  <ItemGroup>
    <CustomBuild Include="C:\Users\MadPsy\Repos\ka9q_ubersdr\clients\CW_Skimmer\UberSDRIntf\build32\CMakeFiles\a75322cf58cf37ee3d801322f08be15e\INSTALL_force.rule">
      <Filter>CMake Rules</Filter>
    </CustomBuild>
  </ItemGroup>
  <ItemGroup>
    <Filter Include="CMake Rules">
      <UniqueIdentifier>{8B591FC5-D7E7-3626-BBE1-85D4B32463C6}</UniqueIdentifier>
    </Filter>
  </ItemGroup>
</Project>
